schema: '2.0'
stages:
  visualize_data:
    cmd: python src/data_visualization.py
    deps:
    - path: data/raw/bank-additional-full.csv
      hash: md5
      md5: f6cb2c1256ffe2836b36df321f46e92c
      size: 5834924
    - path: src/data_visualization.py
      hash: md5
      md5: d63ee6068923cc447feab8872c98d46e
      size: 3241
    outs:
    - path: docs/figures/
      hash: md5
      md5: ec348589232a25dd0d91098ebad57370.dir
      size: 257913
      nfiles: 11
  test_data_quality:
    cmd: pytest --html=docs/test_results/test_results.html --self-contained-html test/test_data_quality.py
    deps:
    - path: data/raw/bank-additional-full.csv
      hash: md5
      md5: f6cb2c1256ffe2836b36df321f46e92c
      size: 5834924
    - path: test/test_data_quality.py
      hash: md5
      md5: 9c2bd3a61c25df693b8493ca792e71c8
      size: 2902
    outs:
    - path: docs/test_results/test_results.html
      hash: md5
      md5: d0532d56cd8eecf7a24ad040bc574bae
      size: 33677
  preprocess_data:
    cmd: python src/data_preparation.py
    deps:
    - path: data/raw/bank-additional-full.csv
      hash: md5
      md5: f6cb2c1256ffe2836b36df321f46e92c
      size: 5834924
    - path: src/data_preparation.py
      hash: md5
      md5: b2e08076d07d1ccd1201eb5e1a61e6d6
      size: 1918
    outs:
    - path: data/processed
      hash: md5
      md5: f09bf909d8765d1fa0326862d7c51d23.dir
      size: 4368118
      nfiles: 1
  generate_eda:
    cmd: python src/eda_generation.py
    deps:
    - path: data/raw/bank-additional-full.csv
      hash: md5
      md5: f6cb2c1256ffe2836b36df321f46e92c
      size: 5834924
    - path: src/eda_generation.py
      hash: md5
      md5: d3f405beb83c875781952bc5218879b5
      size: 798
    outs:
    - path: docs/output/eda/eda_report.html
      hash: md5
      md5: 9dc030834da5e6107df210652f5e237d
      size: 7128418
  generate_outliers_summary:
    cmd: python src/data_summary_outliers.py
    deps:
    - path: data/raw/bank-additional-full.csv
      hash: md5
      md5: f6cb2c1256ffe2836b36df321f46e92c
      size: 5834924
    - path: src/data_summary_outliers.py
      hash: md5
      md5: 8766c6917f42ceac6d7fbdb1e8ea403c
      size: 1894
    outs:
    - path: docs/resumen_outliers.txt
      hash: md5
      md5: afa986368bb630d8d69b6ad9d33a1bff
      size: 284
  train_model:
    cmd: python src/train_model.py
    deps:
    - path: data/processed/bank-processed.csv
      hash: md5
      md5: 8be1a447fe2602de78a4994a9f15e880
      size: 4368118
    - path: src/train_model.py
      hash: md5
      md5: 7fec1c468431139fffc54f39b307d1ea
      size: 9925
    outs:
    - path: metrics/metrics.json
      hash: md5
      md5: 7070ced462ef5221ba83e0693f2d4d6d
      size: 160
    - path: models/decision_tree_model.pkl
      hash: md5
      md5: c5279d6426fdf2f56e3e020ecf6dceb9
      size: 218441
    - path: models/preprocessor.pkl
      hash: md5
      md5: a8fbbbdced8a277feb183fdba5ce5fcc
      size: 7770
  test_model:
    cmd: pytest --html=docs/test_results/test_model_results.html --self-contained-html
      test/test_training.py
    deps:
    - path: data/processed/bank-processed.csv
      hash: md5
      md5: 8be1a447fe2602de78a4994a9f15e880
      size: 4368118
    - path: test/test_training.py
      hash: md5
      md5: cfdda75dc73441d265a596fefb0b618c
      size: 1465
    outs:
    - path: docs/test_results/test_model_results.html
      hash: md5
      md5: 326c7a4e027ecc68c2a0082688aa0f16
      size: 33707
